
Microsoft Visual Studio Solution File, Format Version 12.00
# Visual Studio Version 16
VisualStudioVersion = 16.0.31410.357
MinimumVisualStudioVersion = 10.0.40219.1
Project("{8BC9CEB8-8B4A-11D0-8D11-00A0C91BC942}") = "SecretSharingCPP", "SecretSharingCPP\SecretSharingCPP.vcxproj", "{93537299-D860-48DD-9DC5-4F00B0FA46CA}"
EndProject
Global
	GlobalSection(SolutionConfigurationPlatforms) = preSolution
		Debug|x64 = Debug|x64
		Debug|x86 = Debug|x86
		Release|x64 = Release|x64
		Release|x86 = Release|x86
	EndGlobalSection
	GlobalSection(ProjectConfigurationPlatforms) = postSolution
		{93537299-D860-48DD-9DC5-4F00B0FA46CA}.Debug|x64.ActiveCfg = Debug|x64
		{93537299-D860-48DD-9DC5-4F00B0FA46CA}.Debug|x64.Build.0 = Debug|x64
		{93537299-D860-48DD-9DC5-4F00B0FA46CA}.Debug|x86.ActiveCfg = Debug|Win32
		{93537299-D860-48DD-9DC5-4F00B0FA46CA}.Debug|x86.Build.0 = Debug|Win32
		{93537299-D860-48DD-9DC5-4F00B0FA46CA}.Release|x64.ActiveCfg = Release|x64
		{93537299-D860-48DD-9DC5-4F00B0FA46CA}.Release|x64.Build.0 = Release|x64
		{93537299-D860-48DD-9DC5-4F00B0FA46CA}.Release|x86.ActiveCfg = Release|Win32
		{93537299-D860-48DD-9DC5-4F00B0FA46CA}.Release|x86.Build.0 = Release|Win32
	EndGlobalSection
	GlobalSection(SolutionProperties) = preSolution
		HideSolutionNode = FALSE
	EndGlobalSection
	GlobalSection(ExtensibilityGlobals) = postSolution
		SolutionGuid = {C3A71093-0600-4DAD-B25D-55D62B85842C}
	EndGlobalSection
EndGlobal
